
Microsoft Visual Studio Solution File, Format Version 12.00
# Visual Studio Version 17
VisualStudioVersion = 17.0.32112.339
MinimumVisualStudioVersion = 10.0.40219.1
Project("{FAE04EC0-301F-11D3-BF4B-00C04F79EFBC}") = "ADR", "ADR\ADR.csproj", "{36D311D5-6C19-4CDE-BC37-BC1577FA21A5}"
EndProject
Project("{FAE04EC0-301F-11D3-BF4B-00C04F79EFBC}") = "Tests.Util", "Tests.Util\Tests.Util.csproj", "{FCF9DDC7-A4FE-4668-8CF4-537FF7EFC9BF}"
EndProject
Project("{2150E333-8FDC-42A3-9474-1A3956D46DE8}") = "Tests", "Tests", "{F69CA9F3-D6F8-44A8-BA35-3097AB438501}"
EndProject
Global
	GlobalSection(SolutionConfigurationPlatforms) = preSolution
		Debug|Any CPU = Debug|Any CPU
		Release|Any CPU = Release|Any CPU
	EndGlobalSection
	GlobalSection(ProjectConfigurationPlatforms) = postSolution
		{36D311D5-6C19-4CDE-BC37-BC1577FA21A5}.Debug|Any CPU.ActiveCfg = Debug|Any CPU
		{36D311D5-6C19-4CDE-BC37-BC1577FA21A5}.Debug|Any CPU.Build.0 = Debug|Any CPU
		{36D311D5-6C19-4CDE-BC37-BC1577FA21A5}.Release|Any CPU.ActiveCfg = Release|Any CPU
		{36D311D5-6C19-4CDE-BC37-BC1577FA21A5}.Release|Any CPU.Build.0 = Release|Any CPU
		{FCF9DDC7-A4FE-4668-8CF4-537FF7EFC9BF}.Debug|Any CPU.ActiveCfg = Debug|Any CPU
		{FCF9DDC7-A4FE-4668-8CF4-537FF7EFC9BF}.Debug|Any CPU.Build.0 = Debug|Any CPU
		{FCF9DDC7-A4FE-4668-8CF4-537FF7EFC9BF}.Release|Any CPU.ActiveCfg = Release|Any CPU
		{FCF9DDC7-A4FE-4668-8CF4-537FF7EFC9BF}.Release|Any CPU.Build.0 = Release|Any CPU
	EndGlobalSection
	GlobalSection(SolutionProperties) = preSolution
		HideSolutionNode = FALSE
	EndGlobalSection
	GlobalSection(NestedProjects) = preSolution
		{FCF9DDC7-A4FE-4668-8CF4-537FF7EFC9BF} = {F69CA9F3-D6F8-44A8-BA35-3097AB438501}
	EndGlobalSection
	GlobalSection(ExtensibilityGlobals) = postSolution
		SolutionGuid = {BB49B040-011C-4EB8-9D43-35ED2D733B94}
	EndGlobalSection
EndGlobal
